
Microsoft Visual Studio Solution File, Format Version 12.00
# Visual Studio 15
VisualStudioVersion = 15.0.26730.15
MinimumVisualStudioVersion = 10.0.40219.1
Project("{FAE04EC0-301F-11D3-BF4B-00C04F79EFBC}") = "Banking Application", "Banking Application\Banking Application.csproj", "{E70AC435-B7BC-44B8-9E73-5AD0BC21FF57}"
EndProject
Global
	GlobalSection(SolutionConfigurationPlatforms) = preSolution
		Debug|Any CPU = Debug|Any CPU
		Release|Any CPU = Release|Any CPU
	EndGlobalSection
	GlobalSection(ProjectConfigurationPlatforms) = postSolution
		{E70AC435-B7BC-44B8-9E73-5AD0BC21FF57}.Debug|Any CPU.ActiveCfg = Debug|Any CPU
		{E70AC435-B7BC-44B8-9E73-5AD0BC21FF57}.Debug|Any CPU.Build.0 = Debug|Any CPU
		{E70AC435-B7BC-44B8-9E73-5AD0BC21FF57}.Release|Any CPU.ActiveCfg = Release|Any CPU
		{E70AC435-B7BC-44B8-9E73-5AD0BC21FF57}.Release|Any CPU.Build.0 = Release|Any CPU
	EndGlobalSection
	GlobalSection(SolutionProperties) = preSolution
		HideSolutionNode = FALSE
	EndGlobalSection
	GlobalSection(ExtensibilityGlobals) = postSolution
		SolutionGuid = {D9CBBF74-1095-44BB-B7D6-64C476EDEE0E}
	EndGlobalSection
EndGlobal
